
Microsoft Visual Studio Solution File, Format Version 12.00
# Visual Studio Version 16
VisualStudioVersion = 16.0.809.9
MinimumVisualStudioVersion = 10.0.40219.1
Project("{FAE04EC0-301F-11D3-BF4B-00C04F79EFBC}") = "BewerbungsAufgabe", "BewerbungsAufgabe.csproj", "{76C69D2E-A734-4F6C-B654-93490E5337C0}"
EndProject
Global
	GlobalSection(SolutionConfigurationPlatforms) = preSolution
		Debug|Any CPU = Debug|Any CPU
		Release|Any CPU = Release|Any CPU
	EndGlobalSection
	GlobalSection(ProjectConfigurationPlatforms) = postSolution
		{76C69D2E-A734-4F6C-B654-93490E5337C0}.Debug|Any CPU.ActiveCfg = Debug|Any CPU
		{76C69D2E-A734-4F6C-B654-93490E5337C0}.Debug|Any CPU.Build.0 = Debug|Any CPU
		{76C69D2E-A734-4F6C-B654-93490E5337C0}.Release|Any CPU.ActiveCfg = Release|Any CPU
		{76C69D2E-A734-4F6C-B654-93490E5337C0}.Release|Any CPU.Build.0 = Release|Any CPU
	EndGlobalSection
	GlobalSection(SolutionProperties) = preSolution
		HideSolutionNode = FALSE
	EndGlobalSection
	GlobalSection(ExtensibilityGlobals) = postSolution
		SolutionGuid = {8D2D84B0-0D13-4FA4-B227-3D0D0F91EA6E}
	EndGlobalSection
EndGlobal
